
Microsoft Visual Studio Solution File, Format Version 12.00
# Visual Studio Version 17
VisualStudioVersion = 17.5.33424.131
MinimumVisualStudioVersion = 10.0.40219.1
Project("{8BC9CEB8-8B4A-11D0-8D11-00A0C91BC942}") = "Project2", "Project2\Project2.vcxproj", "{CA894970-7959-4FED-85C6-D9A47CD69FFE}"
EndProject
Global
	GlobalSection(SolutionConfigurationPlatforms) = preSolution
		Debug|x64 = Debug|x64
		Debug|x86 = Debug|x86
		Release|x64 = Release|x64
		Release|x86 = Release|x86
	EndGlobalSection
	GlobalSection(ProjectConfigurationPlatforms) = postSolution
		{CA894970-7959-4FED-85C6-D9A47CD69FFE}.Debug|x64.ActiveCfg = Debug|x64
		{CA894970-7959-4FED-85C6-D9A47CD69FFE}.Debug|x64.Build.0 = Debug|x64
		{CA894970-7959-4FED-85C6-D9A47CD69FFE}.Debug|x86.ActiveCfg = Debug|Win32
		{CA894970-7959-4FED-85C6-D9A47CD69FFE}.Debug|x86.Build.0 = Debug|Win32
		{CA894970-7959-4FED-85C6-D9A47CD69FFE}.Release|x64.ActiveCfg = Release|x64
		{CA894970-7959-4FED-85C6-D9A47CD69FFE}.Release|x64.Build.0 = Release|x64
		{CA894970-7959-4FED-85C6-D9A47CD69FFE}.Release|x86.ActiveCfg = Release|Win32
		{CA894970-7959-4FED-85C6-D9A47CD69FFE}.Release|x86.Build.0 = Release|Win32
	EndGlobalSection
	GlobalSection(SolutionProperties) = preSolution
		HideSolutionNode = FALSE
	EndGlobalSection
	GlobalSection(ExtensibilityGlobals) = postSolution
		SolutionGuid = {592C7C51-8A10-49A5-9C64-91757CFE58EF}
	EndGlobalSection
EndGlobal
